// !$*UTF8*$!
{
	archiveVersion = 1;
	classes = {
	};
	objectVersion = 77;
	objects = {

/* Begin PBXContainerItemProxy section */
		8A1517792E894BB5000266B4 /* PBXContainerItemProxy */ = {
			isa = PBXContainerItemProxy;
			containerPortal = 8A15175F2E894BB3000266B4 /* Project object */;
			proxyType = 1;
			remoteGlobalIDString = 8A1517662E894BB3000266B4;
			remoteInfo = txirimiri;
		};
		8A1517832E894BB5000266B4 /* PBXContainerItemProxy */ = {
			isa = PBXContainerItemProxy;
			containerPortal = 8A15175F2E894BB3000266B4 /* Project object */;
			proxyType = 1;
			remoteGlobalIDString = 8A1517662E894BB3000266B4;
			remoteInfo = txirimiri;
		};
/* End PBXContainerItemProxy section */

/* Begin PBXFileReference section */
		8A1517672E894BB3000266B4 /* txirimiri.app */ = {isa = PBXFileReference; explicitFileType = wrapper.application; includeInIndex = 0; path = txirimiri.app; sourceTree = BUILT_PRODUCTS_DIR; };
		8A1517782E894BB5000266B4 /* txirimiriTests.xctest */ = {isa = PBXFileReference; explicitFileType = wrapper.cfbundle; includeInIndex = 0; path = txirimiriTests.xctest; sourceTree = BUILT_PRODUCTS_DIR; };
		8A1517822E894BB5000266B4 /* txirimiriUITests.xctest */ = {isa = PBXFileReference; explicitFileType = wrapper.cfbundle; includeInIndex = 0; path = txirimiriUITests.xctest; sourceTree = BUILT_PRODUCTS_DIR; };
/* End PBXFileReference section */

/* Begin PBXFileSystemSynchronizedBuildFileExceptionSet section */
		8A15178A2E894BB5000266B4 /* Exceptions for "txirimiri" folder in "txirimiri" target */ = {
			isa = PBXFileSystemSynchronizedBuildFileExceptionSet;
			membershipExceptions = (
				Info.plist,
			);
			target = 8A1517662E894BB3000266B4 /* txirimiri */;
		};
		8A6EA1862E8A6BCE00B73123 /* Exceptions for "txirimiri" folder in "txirimiriTests" target */ = {
			isa = PBXFileSystemSynchronizedBuildFileExceptionSet;
			membershipExceptions = (
				ContentManager.swift,
				Model3D.swift,
				Model3DView.swift,
				"Model3DView+ViewModel.swift",
				ModelMenuContent.swift,
				ModelSelectionView.swift,
			);
			target = 8A1517772E894BB5000266B4 /* txirimiriTests */;
		};
		8A6EA1872E8A6BCE00B73123 /* Exceptions for "txirimiri" folder in "txirimiriUITests" target */ = {
			isa = PBXFileSystemSynchronizedBuildFileExceptionSet;
			membershipExceptions = (
				ContentManager.swift,
				Model3D.swift,
				Model3DView.swift,
				"Model3DView+ViewModel.swift",
				ModelMenuContent.swift,
				ModelSelectionView.swift,
			);
			target = 8A1517812E894BB5000266B4 /* txirimiriUITests */;
		};
/* End PBXFileSystemSynchronizedBuildFileExceptionSet section */

/* Begin PBXFileSystemSynchronizedRootGroup section */
		8A1517692E894BB3000266B4 /* txirimiri */ = {
			isa = PBXFileSystemSynchronizedRootGroup;
			exceptions = (
				8A15178A2E894BB5000266B4 /* Exceptions for "txirimiri" folder in "txirimiri" target */,
				8A6EA1862E8A6BCE00B73123 /* Exceptions for "txirimiri" folder in "txirimiriTests" target */,
				8A6EA1872E8A6BCE00B73123 /* Exceptions for "txirimiri" folder in "txirimiriUITests" target */,
			);
			path = txirimiri;
			sourceTree = "<group>";
		};
		8A15177B2E894BB5000266B4 /* txirimiriTests */ = {
			isa = PBXFileSystemSynchronizedRootGroup;
			path = txirimiriTests;
			sourceTree = "<group>";
		};
		8A1517852E894BB5000266B4 /* txirimiriUITests */ = {
			isa = PBXFileSystemSynchronizedRootGroup;
			path = txirimiriUITests;
			sourceTree = "<group>";
		};
/* End PBXFileSystemSynchronizedRootGroup section */

/* Begin PBXFrameworksBuildPhase section */
		8A1517642E894BB3000266B4 /* Frameworks */ = {
			isa = PBXFrameworksBuildPhase;
			buildActionMask = 2147483647;
			files = (
			);
			runOnlyForDeploymentPostprocessing = 0;
		};
		8A1517752E894BB5000266B4 /* Frameworks */ = {
			isa = PBXFrameworksBuildPhase;
			buildActionMask = 2147483647;
			files = (
			);
			runOnlyForDeploymentPostprocessing = 0;
		};
		8A15177F2E894BB5000266B4 /* Frameworks */ = {
			isa = PBXFrameworksBuildPhase;
			buildActionMask = 2147483647;
			files = (
			);
			runOnlyForDeploymentPostprocessing = 0;
		};
/* End PBXFrameworksBuildPhase section */

/* Begin PBXGroup section */
		8A15175E2E894BB3000266B4 = {
			isa = PBXGroup;
			children = (
				8A1517692E894BB3000266B4 /* txirimiri */,
				8A15177B2E894BB5000266B4 /* txirimiriTests */,
				8A1517852E894BB5000266B4 /* txirimiriUITests */,
				8A1517682E894BB3000266B4 /* Products */,
			);
			sourceTree = "<group>";
		};
		8A1517682E894BB3000266B4 /* Products */ = {
			isa = PBXGroup;
			children = (
				8A1517672E894BB3000266B4 /* txirimiri.app */,
				8A1517782E894BB5000266B4 /* txirimiriTests.xctest */,
				8A1517822E894BB5000266B4 /* txirimiriUITests.xctest */,
			);
			name = Products;
			sourceTree = "<group>";
		};
/* End PBXGroup section */

/* Begin PBXNativeTarget section */
		8A1517662E894BB3000266B4 /* txirimiri */ = {
			isa = PBXNativeTarget;
			buildConfigurationList = 8A15178B2E894BB5000266B4 /* Build configuration list for PBXNativeTarget "txirimiri" */;
			buildPhases = (
				8A1517632E894BB3000266B4 /* Sources */,
				8A1517642E894BB3000266B4 /* Frameworks */,
				8A1517652E894BB3000266B4 /* Resources */,
			);
			buildRules = (
			);
			dependencies = (
			);
			fileSystemSynchronizedGroups = (
				8A1517692E894BB3000266B4 /* txirimiri */,
			);
			name = txirimiri;
			packageProductDependencies = (
			);
			productName = txirimiri;
			productReference = 8A1517672E894BB3000266B4 /* txirimiri.app */;
			productType = "com.apple.product-type.application";
		};
		8A1517772E894BB5000266B4 /* txirimiriTests */ = {
			isa = PBXNativeTarget;
			buildConfigurationList = 8A1517902E894BB5000266B4 /* Build configuration list for PBXNativeTarget "txirimiriTests" */;
			buildPhases = (
				8A1517742E894BB5000266B4 /* Sources */,
				8A1517752E894BB5000266B4 /* Frameworks */,
				8A1517762E894BB5000266B4 /* Resources */,
			);
			buildRules = (
			);
			dependencies = (
				8A15177A2E894BB5000266B4 /* PBXTargetDependency */,
			);
			fileSystemSynchronizedGroups = (
				8A15177B2E894BB5000266B4 /* txirimiriTests */,
			);
			name = txirimiriTests;
			packageProductDependencies = (
			);
			productName = txirimiriTests;
			productReference = 8A1517782E894BB5000266B4 /* txirimiriTests.xctest */;
			productType = "com.apple.product-type.bundle.unit-test";
		};
		8A1517812E894BB5000266B4 /* txirimiriUITests */ = {
			isa = PBXNativeTarget;
			buildConfigurationList = 8A1517932E894BB5000266B4 /* Build configuration list for PBXNativeTarget "txirimiriUITests" */;
			buildPhases = (
				8A15177E2E894BB5000266B4 /* Sources */,
				8A15177F2E894BB5000266B4 /* Frameworks */,
				8A1517802E894BB5000266B4 /* Resources */,
			);
			buildRules = (
			);
			dependencies = (
				8A1517842E894BB5000266B4 /* PBXTargetDependency */,
			);
			fileSystemSynchronizedGroups = (
				8A1517852E894BB5000266B4 /* txirimiriUITests */,
			);
			name = txirimiriUITests;
			packageProductDependencies = (
			);
			productName = txirimiriUITests;
			productReference = 8A1517822E894BB5000266B4 /* txirimiriUITests.xctest */;
			productType = "com.apple.product-type.bundle.ui-testing";
		};
/* End PBXNativeTarget section */

/* Begin PBXProject section */
		8A15175F2E894BB3000266B4 /* Project object */ = {
			isa = PBXProject;
			attributes = {
				BuildIndependentTargetsInParallel = 1;
				LastSwiftUpdateCheck = 1640;
				LastUpgradeCheck = 1640;
				TargetAttributes = {
					8A1517662E894BB3000266B4 = {
						CreatedOnToolsVersion = 16.4;
					};
					8A1517772E894BB5000266B4 = {
						CreatedOnToolsVersion = 16.4;
						TestTargetID = 8A1517662E894BB3000266B4;
					};
					8A1517812E894BB5000266B4 = {
						CreatedOnToolsVersion = 16.4;
						TestTargetID = 8A1517662E894BB3000266B4;
					};
				};
			};
			buildConfigurationList = 8A1517622E894BB3000266B4 /* Build configuration list for PBXProject "txirimiri" */;
			developmentRegion = en;
			hasScannedForEncodings = 0;
			knownRegions = (
				en,
				Base,
			);
			mainGroup = 8A15175E2E894BB3000266B4;
			minimizedProjectReferenceProxies = 1;
			preferredProjectObjectVersion = 77;
			productRefGroup = 8A1517682E894BB3000266B4 /* Products */;
			projectDirPath = "";
			projectRoot = "";
			targets = (
				8A1517662E894BB3000266B4 /* txirimiri */,
				8A1517772E894BB5000266B4 /* txirimiriTests */,
				8A1517812E894BB5000266B4 /* txirimiriUITests */,
			);
		};
/* End PBXProject section */

/* Begin PBXResourcesBuildPhase section */
		8A1517652E894BB3000266B4 /* Resources */ = {
			isa = PBXResourcesBuildPhase;
			buildActionMask = 2147483647;
			files = (
			);
			runOnlyForDeploymentPostprocessing = 0;
		};
		8A1517762E894BB5000266B4 /* Resources */ = {
			isa = PBXResourcesBuildPhase;
			buildActionMask = 2147483647;
			files = (
			);
			runOnlyForDeploymentPostprocessing = 0;
		};
		8A1517802E894BB5000266B4 /* Resources */ = {
			isa = PBXResourcesBuildPhase;
			buildActionMask = 2147483647;
			files = (
			);
			runOnlyForDeploymentPostprocessing = 0;
		};
/* End PBXResourcesBuildPhase section */

/* Begin PBXSourcesBuildPhase section */
		8A1517632E894BB3000266B4 /* Sources */ = {
			isa = PBXSourcesBuildPhase;
			buildActionMask = 2147483647;
			files = (
			);
			runOnlyForDeploymentPostprocessing = 0;
		};
		8A1517742E894BB5000266B4 /* Sources */ = {
			isa = PBXSourcesBuildPhase;
			buildActionMask = 2147483647;
			files = (
			);
			runOnlyForDeploymentPostprocessing = 0;
		};
		8A15177E2E894BB5000266B4 /* Sources */ = {
			isa = PBXSourcesBuildPhase;
			buildActionMask = 2147483647;
			files = (
			);
			runOnlyForDeploymentPostprocessing = 0;
		};
/* End PBXSourcesBuildPhase section */

/* Begin PBXTargetDependency section */
		8A15177A2E894BB5000266B4 /* PBXTargetDependency */ = {
			isa = PBXTargetDependency;
			target = 8A1517662E894BB3000266B4 /* txirimiri */;
			targetProxy = 8A1517792E894BB5000266B4 /* PBXContainerItemProxy */;
		};
		8A1517842E894BB5000266B4 /* PBXTargetDependency */ = {
			isa = PBXTargetDependency;
			target = 8A1517662E894BB3000266B4 /* txirimiri */;
			targetProxy = 8A1517832E894BB5000266B4 /* PBXContainerItemProxy */;
		};
/* End PBXTargetDependency section */

/* Begin XCBuildConfiguration section */
		8A15178C2E894BB5000266B4 /* Debug */ = {
			isa = XCBuildConfiguration;
			buildSettings = {
				ASSETCATALOG_COMPILER_APPICON_NAME = icon;
				ASSETCATALOG_COMPILER_GLOBAL_ACCENT_COLOR_NAME = AccentColor;
				CODE_SIGN_ENTITLEMENTS = txirimiri/txirimiri.entitlements;
				CODE_SIGN_STYLE = Automatic;
				CURRENT_PROJECT_VERSION = 1;
				DEVELOPMENT_TEAM = 59VPT4KMHW;
				ENABLE_PREVIEWS = YES;
				GENERATE_INFOPLIST_FILE = YES;
				INFOPLIST_FILE = txirimiri/Info.plist;
				INFOPLIST_KEY_NSCameraUsageDescription = "The camera is required to view your models in AR";
				INFOPLIST_KEY_UIApplicationSceneManifest_Generation = YES;
				INFOPLIST_KEY_UIApplicationSupportsIndirectInputEvents = YES;
				INFOPLIST_KEY_UILaunchScreen_Generation = YES;
				INFOPLIST_KEY_UISupportedInterfaceOrientations_iPad = "UIInterfaceOrientationPortrait UIInterfaceOrientationPortraitUpsideDown UIInterfaceOrientationLandscapeLeft UIInterfaceOrientationLandscapeRight";
				INFOPLIST_KEY_UISupportedInterfaceOrientations_iPhone = "UIInterfaceOrientationPortrait UIInterfaceOrientationLandscapeLeft UIInterfaceOrientationLandscapeRight";
				LD_RUNPATH_SEARCH_PATHS = (
					"$(inherited)",
					"@executable_path/Frameworks",
				);
				MARKETING_VERSION = 1.0;
				PRODUCT_BUNDLE_IDENTIFIER = "com.dc-engineer.txirimiri";
				PRODUCT_NAME = "$(TARGET_NAME)";
				SWIFT_EMIT_LOC_STRINGS = YES;
				SWIFT_VERSION = 5.0;
				TARGETED_DEVICE_FAMILY = "1,2";
			};
			name = Debug;
		};
		8A15178D2E894BB5000266B4 /* Release */ = {
			isa = XCBuildConfiguration;
			buildSettings = {
				ASSETCATALOG_COMPILER_APPICON_NAME = icon;
				ASSETCATALOG_COMPILER_GLOBAL_ACCENT_COLOR_NAME = AccentColor;
				CODE_SIGN_ENTITLEMENTS = txirimiri/txirimiri.entitlements;
				CODE_SIGN_STYLE = Automatic;
				CURRENT_PROJECT_VERSION = 1;
				DEVELOPMENT_TEAM = 59VPT4KMHW;
				ENABLE_PREVIEWS = YES;
				GENERATE_INFOPLIST_FILE = YES;
				INFOPLIST_FILE = txirimiri/Info.plist;
				INFOPLIST_KEY_NSCameraUsageDescription = "The camera is required to view your models in AR";
				INFOPLIST_KEY_UIApplicationSceneManifest_Generation = YES;
				INFOPLIST_KEY_UIApplicationSupportsIndirectInputEvents = YES;
				INFOPLIST_KEY_UILaunchScreen_Generation = YES;
				INFOPLIST_KEY_UISupportedInterfaceOrientations_iPad = "UIInterfaceOrientationPortrait UIInterfaceOrientationPortraitUpsideDown UIInterfaceOrientationLandscapeLeft UIInterfaceOrientationLandscapeRight";
				INFOPLIST_KEY_UISupportedInterfaceOrientations_iPhone = "UIInterfaceOrientationPortrait UIInterfaceOrientationLandscapeLeft UIInterfaceOrientationLandscapeRight";
				LD_RUNPATH_SEARCH_PATHS = (
					"$(inherited)",
					"@executable_path/Frameworks",
				);
				MARKETING_VERSION = 1.0;
				PRODUCT_BUNDLE_IDENTIFIER = "com.dc-engineer.txirimiri";
				PRODUCT_NAME = "$(TARGET_NAME)";
				SWIFT_EMIT_LOC_STRINGS = YES;
				SWIFT_VERSION = 5.0;
				TARGETED_DEVICE_FAMILY = "1,2";
			};
			name = Release;
		};
		8A15178E2E894BB5000266B4 /* Debug */ = {
			isa = XCBuildConfiguration;
			buildSettings = {
				ALWAYS_SEARCH_USER_PATHS = NO;
				ASSETCATALOG_COMPILER_GENERATE_SWIFT_ASSET_SYMBOL_EXTENSIONS = YES;
				CLANG_ANALYZER_NONNULL = YES;
				CLANG_ANALYZER_NUMBER_OBJECT_CONVERSION = YES_AGGRESSIVE;
				CLANG_CXX_LANGUAGE_STANDARD = "gnu++20";
				CLANG_ENABLE_MODULES = YES;
				CLANG_ENABLE_OBJC_ARC = YES;
				CLANG_ENABLE_OBJC_WEAK = YES;
				CLANG_WARN_BLOCK_CAPTURE_AUTORELEASING = YES;
				CLANG_WARN_BOOL_CONVERSION = YES;
				CLANG_WARN_COMMA = YES;
				CLANG_WARN_CONSTANT_CONVERSION = YES;
				CLANG_WARN_DEPRECATED_OBJC_IMPLEMENTATIONS = YES;
				CLANG_WARN_DIRECT_OBJC_ISA_USAGE = YES_ERROR;
				CLANG_WARN_DOCUMENTATION_COMMENTS = YES;
				CLANG_WARN_EMPTY_BODY = YES;
				CLANG_WARN_ENUM_CONVERSION = YES;
				CLANG_WARN_INFINITE_RECURSION = YES;
				CLANG_WARN_INT_CONVERSION = YES;
				CLANG_WARN_NON_LITERAL_NULL_CONVERSION = YES;
				CLANG_WARN_OBJC_IMPLICIT_RETAIN_SELF = YES;
				CLANG_WARN_OBJC_LITERAL_CONVERSION = YES;
				CLANG_WARN_OBJC_ROOT_CLASS = YES_ERROR;
				CLANG_WARN_QUOTED_INCLUDE_IN_FRAMEWORK_HEADER = YES;
				CLANG_WARN_RANGE_LOOP_ANALYSIS = YES;
				CLANG_WARN_STRICT_PROTOTYPES = YES;
				CLANG_WARN_SUSPICIOUS_MOVE = YES;
				CLANG_WARN_UNGUARDED_AVAILABILITY = YES_AGGRESSIVE;
				CLANG_WARN_UNREACHABLE_CODE = YES;
				CLANG_WARN__DUPLICATE_METHOD_MATCH = YES;
				COPY_PHASE_STRIP = NO;
				DEBUG_INFORMATION_FORMAT = dwarf;
				DEVELOPMENT_TEAM = 59VPT4KMHW;
				ENABLE_STRICT_OBJC_MSGSEND = YES;
				ENABLE_TESTABILITY = YES;
				ENABLE_USER_SCRIPT_SANDBOXING = YES;
				GCC_C_LANGUAGE_STANDARD = gnu17;
				GCC_DYNAMIC_NO_PIC = NO;
				GCC_NO_COMMON_BLOCKS = YES;
				GCC_OPTIMIZATION_LEVEL = 0;
				GCC_PREPROCESSOR_DEFINITIONS = (
					"DEBUG=1",
					"$(inherited)",
				);
				GCC_WARN_64_TO_32_BIT_CONVERSION = YES;
				GCC_WARN_ABOUT_RETURN_TYPE = YES_ERROR;
				GCC_WARN_UNDECLARED_SELECTOR = YES;
				GCC_WARN_UNINITIALIZED_AUTOS = YES_AGGRESSIVE;
				GCC_WARN_UNUSED_FUNCTION = YES;
				GCC_WARN_UNUSED_VARIABLE = YES;
				IPHONEOS_DEPLOYMENT_TARGET = 18.5;
				LOCALIZATION_PREFERS_STRING_CATALOGS = YES;
				MTL_ENABLE_DEBUG_INFO = INCLUDE_SOURCE;
				MTL_FAST_MATH = YES;
				ONLY_ACTIVE_ARCH = YES;
				SDKROOT = iphoneos;
				SWIFT_ACTIVE_COMPILATION_CONDITIONS = "DEBUG $(inherited)";
				SWIFT_OPTIMIZATION_LEVEL = "-Onone";
			};
			name = Debug;
		};
		8A15178F2E894BB5000266B4 /* Release */ = {
			isa = XCBuildConfiguration;
			buildSettings = {
				ALWAYS_SEARCH_USER_PATHS = NO;
				ASSETCATALOG_COMPILER_GENERATE_SWIFT_ASSET_SYMBOL_EXTENSIONS = YES;
				CLANG_ANALYZER_NONNULL = YES;
				CLANG_ANALYZER_NUMBER_OBJECT_CONVERSION = YES_AGGRESSIVE;
				CLANG_CXX_LANGUAGE_STANDARD = "gnu++20";
				CLANG_ENABLE_MODULES = YES;
				CLANG_ENABLE_OBJC_ARC = YES;
				CLANG_ENABLE_OBJC_WEAK = YES;
				CLANG_WARN_BLOCK_CAPTURE_AUTORELEASING = YES;
				CLANG_WARN_BOOL_CONVERSION = YES;
				CLANG_WARN_COMMA = YES;
				CLANG_WARN_CONSTANT_CONVERSION = YES;
				CLANG_WARN_DEPRECATED_OBJC_IMPLEMENTATIONS = YES;
				CLANG_WARN_DIRECT_OBJC_ISA_USAGE = YES_ERROR;
				CLANG_WARN_DOCUMENTATION_COMMENTS = YES;
				CLANG_WARN_EMPTY_BODY = YES;
				CLANG_WARN_ENUM_CONVERSION = YES;
				CLANG_WARN_INFINITE_RECURSION = YES;
				CLANG_WARN_INT_CONVERSION = YES;
				CLANG_WARN_NON_LITERAL_NULL_CONVERSION = YES;
				CLANG_WARN_OBJC_IMPLICIT_RETAIN_SELF = YES;
				CLANG_WARN_OBJC_LITERAL_CONVERSION = YES;
				CLANG_WARN_OBJC_ROOT_CLASS = YES_ERROR;
				CLANG_WARN_QUOTED_INCLUDE_IN_FRAMEWORK_HEADER = YES;
				CLANG_WARN_RANGE_LOOP_ANALYSIS = YES;
				CLANG_WARN_STRICT_PROTOTYPES = YES;
				CLANG_WARN_SUSPICIOUS_MOVE = YES;
				CLANG_WARN_UNGUARDED_AVAILABILITY = YES_AGGRESSIVE;
				CLANG_WARN_UNREACHABLE_CODE = YES;
				CLANG_WARN__DUPLICATE_METHOD_MATCH = YES;
				COPY_PHASE_STRIP = NO;
				DEBUG_INFORMATION_FORMAT = "dwarf-with-dsym";
				DEVELOPMENT_TEAM = 59VPT4KMHW;
				ENABLE_NS_ASSERTIONS = NO;
				ENABLE_STRICT_OBJC_MSGSEND = YES;
				ENABLE_USER_SCRIPT_SANDBOXING = YES;
				GCC_C_LANGUAGE_STANDARD = gnu17;
				GCC_NO_COMMON_BLOCKS = YES;
				GCC_WARN_64_TO_32_BIT_CONVERSION = YES;
				GCC_WARN_ABOUT_RETURN_TYPE = YES_ERROR;
				GCC_WARN_UNDECLARED_SELECTOR = YES;
				GCC_WARN_UNINITIALIZED_AUTOS = YES_AGGRESSIVE;
				GCC_WARN_UNUSED_FUNCTION = YES;
				GCC_WARN_UNUSED_VARIABLE = YES;
				IPHONEOS_DEPLOYMENT_TARGET = 18.5;
				LOCALIZATION_PREFERS_STRING_CATALOGS = YES;
				MTL_ENABLE_DEBUG_INFO = NO;
				MTL_FAST_MATH = YES;
				SDKROOT = iphoneos;
				SWIFT_COMPILATION_MODE = wholemodule;
				VALIDATE_PRODUCT = YES;
			};
			name = Release;
		};
		8A1517912E894BB5000266B4 /* Debug */ = {
			isa = XCBuildConfiguration;
			buildSettings = {
				BUNDLE_LOADER = "$(TEST_HOST)";
				CODE_SIGN_STYLE = Automatic;
				CURRENT_PROJECT_VERSION = 1;
				DEVELOPMENT_TEAM = 59VPT4KMHW;
				GENERATE_INFOPLIST_FILE = YES;
				IPHONEOS_DEPLOYMENT_TARGET = 18.5;
				MARKETING_VERSION = 1.0;
				PRODUCT_BUNDLE_IDENTIFIER = "com.dc-engineer.txirimiriTests";
				PRODUCT_NAME = "$(TARGET_NAME)";
				SWIFT_EMIT_LOC_STRINGS = NO;
				SWIFT_VERSION = 5.0;
				TARGETED_DEVICE_FAMILY = "1,2";
				TEST_HOST = "$(BUILT_PRODUCTS_DIR)/txirimiri.app/$(BUNDLE_EXECUTABLE_FOLDER_PATH)/txirimiri";
			};
			name = Debug;
		};
		8A1517922E894BB5000266B4 /* Release */ = {
			isa = XCBuildConfiguration;
			buildSettings = {
				BUNDLE_LOADER = "$(TEST_HOST)";
				CODE_SIGN_STYLE = Automatic;
				CURRENT_PROJECT_VERSION = 1;
				DEVELOPMENT_TEAM = 59VPT4KMHW;
				GENERATE_INFOPLIST_FILE = YES;
				IPHONEOS_DEPLOYMENT_TARGET = 18.5;
				MARKETING_VERSION = 1.0;
				PRODUCT_BUNDLE_IDENTIFIER = "com.dc-engineer.txirimiriTests";
				PRODUCT_NAME = "$(TARGET_NAME)";
				SWIFT_EMIT_LOC_STRINGS = NO;
				SWIFT_VERSION = 5.0;
				TARGETED_DEVICE_FAMILY = "1,2";
				TEST_HOST = "$(BUILT_PRODUCTS_DIR)/txirimiri.app/$(BUNDLE_EXECUTABLE_FOLDER_PATH)/txirimiri";
			};
			name = Release;
		};
		8A1517942E894BB5000266B4 /* Debug */ = {
			isa = XCBuildConfiguration;
			buildSettings = {
				CODE_SIGN_STYLE = Automatic;
				CURRENT_PROJECT_VERSION = 1;
				DEVELOPMENT_TEAM = 59VPT4KMHW;
				GENERATE_INFOPLIST_FILE = YES;
				MARKETING_VERSION = 1.0;
				PRODUCT_BUNDLE_IDENTIFIER = "com.dc-engineer.txirimiriUITests";
				PRODUCT_NAME = "$(TARGET_NAME)";
				SWIFT_EMIT_LOC_STRINGS = NO;
				SWIFT_VERSION = 5.0;
				TARGETED_DEVICE_FAMILY = "1,2";
				TEST_TARGET_NAME = txirimiri;
			};
			name = Debug;
		};
		8A1517952E894BB5000266B4 /* Release */ = {
			isa = XCBuildConfiguration;
			buildSettings = {
				CODE_SIGN_STYLE = Automatic;
				CURRENT_PROJECT_VERSION = 1;
				DEVELOPMENT_TEAM = 59VPT4KMHW;
				GENERATE_INFOPLIST_FILE = YES;
				MARKETING_VERSION = 1.0;
				PRODUCT_BUNDLE_IDENTIFIER = "com.dc-engineer.txirimiriUITests";
				PRODUCT_NAME = "$(TARGET_NAME)";
				SWIFT_EMIT_LOC_STRINGS = NO;
				SWIFT_VERSION = 5.0;
				TARGETED_DEVICE_FAMILY = "1,2";
				TEST_TARGET_NAME = txirimiri;
			};
			name = Release;
		};
/* End XCBuildConfiguration section */

/* Begin XCConfigurationList section */
		8A1517622E894BB3000266B4 /* Build configuration list for PBXProject "txirimiri" */ = {
			isa = XCConfigurationList;
			buildConfigurations = (
				8A15178E2E894BB5000266B4 /* Debug */,
				8A15178F2E894BB5000266B4 /* Release */,
			);
			defaultConfigurationIsVisible = 0;
			defaultConfigurationName = Release;
		};
		8A15178B2E894BB5000266B4 /* Build configuration list for PBXNativeTarget "txirimiri" */ = {
			isa = XCConfigurationList;
			buildConfigurations = (
				8A15178C2E894BB5000266B4 /* Debug */,
				8A15178D2E894BB5000266B4 /* Release */,
			);
			defaultConfigurationIsVisible = 0;
			defaultConfigurationName = Release;
		};
		8A1517902E894BB5000266B4 /* Build configuration list for PBXNativeTarget "txirimiriTests" */ = {
			isa = XCConfigurationList;
			buildConfigurations = (
				8A1517912E894BB5000266B4 /* Debug */,
				8A1517922E894BB5000266B4 /* Release */,
			);
			defaultConfigurationIsVisible = 0;
			defaultConfigurationName = Release;
		};
		8A1517932E894BB5000266B4 /* Build configuration list for PBXNativeTarget "txirimiriUITests" */ = {
			isa = XCConfigurationList;
			buildConfigurations = (
				8A1517942E894BB5000266B4 /* Debug */,
				8A1517952E894BB5000266B4 /* Release */,
			);
			defaultConfigurationIsVisible = 0;
			defaultConfigurationName = Release;
		};
/* End XCConfigurationList section */
	};
	rootObject = 8A15175F2E894BB3000266B4 /* Project object */;
}
